
Microsoft Visual Studio Solution File, Format Version 12.00
# Visual Studio Version 16
VisualStudioVersion = 16.0.31624.102
MinimumVisualStudioVersion = 10.0.40219.1
Project("{9A19103F-16F7-4668-BE54-9A1E7A4F7556}") = "GameFrameWork", "GameFrameWork\GameFrameWork.csproj", "{F2D2AD13-9886-4405-9CFA-5AEDADE71B5C}"
EndProject
Project("{9A19103F-16F7-4668-BE54-9A1E7A4F7556}") = "GameFromFramework", "GameFromFramework\GameFromFramework.csproj", "{DA059D3E-3F5A-4C23-9253-AEC63884D277}"
EndProject
Global
	GlobalSection(SolutionConfigurationPlatforms) = preSolution
		Debug|Any CPU = Debug|Any CPU
		Release|Any CPU = Release|Any CPU
	EndGlobalSection
	GlobalSection(ProjectConfigurationPlatforms) = postSolution
		{F2D2AD13-9886-4405-9CFA-5AEDADE71B5C}.Debug|Any CPU.ActiveCfg = Debug|Any CPU
		{F2D2AD13-9886-4405-9CFA-5AEDADE71B5C}.Debug|Any CPU.Build.0 = Debug|Any CPU
		{F2D2AD13-9886-4405-9CFA-5AEDADE71B5C}.Release|Any CPU.ActiveCfg = Release|Any CPU
		{F2D2AD13-9886-4405-9CFA-5AEDADE71B5C}.Release|Any CPU.Build.0 = Release|Any CPU
		{DA059D3E-3F5A-4C23-9253-AEC63884D277}.Debug|Any CPU.ActiveCfg = Debug|Any CPU
		{DA059D3E-3F5A-4C23-9253-AEC63884D277}.Debug|Any CPU.Build.0 = Debug|Any CPU
		{DA059D3E-3F5A-4C23-9253-AEC63884D277}.Release|Any CPU.ActiveCfg = Release|Any CPU
		{DA059D3E-3F5A-4C23-9253-AEC63884D277}.Release|Any CPU.Build.0 = Release|Any CPU
	EndGlobalSection
	GlobalSection(SolutionProperties) = preSolution
		HideSolutionNode = FALSE
	EndGlobalSection
	GlobalSection(ExtensibilityGlobals) = postSolution
		SolutionGuid = {D22B675C-BF99-4F4F-91CA-9F4FE9B6865C}
	EndGlobalSection
EndGlobal
